
Microsoft Visual Studio Solution File, Format Version 12.00
# Visual Studio 15
VisualStudioVersion = 15.0.27130.2024
MinimumVisualStudioVersion = 10.0.40219.1
Project("{FAE04EC0-301F-11D3-BF4B-00C04F79EFBC}") = "Prog4", "Prog4\Prog4.csproj", "{0EEF422C-56B4-46A4-89D0-BF59C3EA9818}"
EndProject
Global
	GlobalSection(SolutionConfigurationPlatforms) = preSolution
		Debug|Any CPU = Debug|Any CPU
		Release|Any CPU = Release|Any CPU
	EndGlobalSection
	GlobalSection(ProjectConfigurationPlatforms) = postSolution
		{0EEF422C-56B4-46A4-89D0-BF59C3EA9818}.Debug|Any CPU.ActiveCfg = Debug|Any CPU
		{0EEF422C-56B4-46A4-89D0-BF59C3EA9818}.Debug|Any CPU.Build.0 = Debug|Any CPU
		{0EEF422C-56B4-46A4-89D0-BF59C3EA9818}.Release|Any CPU.ActiveCfg = Release|Any CPU
		{0EEF422C-56B4-46A4-89D0-BF59C3EA9818}.Release|Any CPU.Build.0 = Release|Any CPU
	EndGlobalSection
	GlobalSection(SolutionProperties) = preSolution
		HideSolutionNode = FALSE
	EndGlobalSection
	GlobalSection(ExtensibilityGlobals) = postSolution
		SolutionGuid = {DCEA6D44-CAD0-45A6-817E-8105C13923BA}
	EndGlobalSection
EndGlobal
